
Microsoft Visual Studio Solution File, Format Version 12.00
# Visual Studio 2012
Project("{FAE04EC0-301F-11D3-BF4B-00C04F79EFBC}") = "xPFT.Charting.Base", "xPFT.Charting.Base\xPFT.Charting.Base.csproj", "{00A526EE-2A20-4FFE-882F-28551A36FD04}"
EndProject
Project("{FAE04EC0-301F-11D3-BF4B-00C04F79EFBC}") = "xPFT.IDrawing", "xPFT.IDrawing\xPFT.IDrawing.csproj", "{143B3CFD-3A69-482C-AE0C-9704D267C3A2}"
EndProject
Project("{FAE04EC0-301F-11D3-BF4B-00C04F79EFBC}") = "xPFT.GraphicEngineD3D9", "xPFT.GraphicEngineD3D9\xPFT.GraphicEngineD3D9.csproj", "{BA606A88-8B71-4AB7-A305-734D6FB57B0E}"
	ProjectSection(ProjectDependencies) = postProject
		{0DA12B2E-1AB0-4445-A222-87D02F98AA0A} = {0DA12B2E-1AB0-4445-A222-87D02F98AA0A}
		{00A526EE-2A20-4FFE-882F-28551A36FD04} = {00A526EE-2A20-4FFE-882F-28551A36FD04}
	EndProjectSection
EndProject
Project("{FAE04EC0-301F-11D3-BF4B-00C04F79EFBC}") = "xPFT.GraphicEngineD2D1", "xPFT.GraphicEngineD2D1\xPFT.GraphicEngineD2D1.csproj", "{5FE5A20F-D0E3-4571-A6CF-89DDA3716043}"
	ProjectSection(ProjectDependencies) = postProject
		{0DA12B2E-1AB0-4445-A222-87D02F98AA0A} = {0DA12B2E-1AB0-4445-A222-87D02F98AA0A}
	EndProjectSection
EndProject
Project("{FAE04EC0-301F-11D3-BF4B-00C04F79EFBC}") = "xPFT.GraphicEngine", "xPFT.GraphicEngine\xPFT.GraphicEngine.csproj", "{1EA74F50-F735-4541-8039-8F462E626A24}"
	ProjectSection(ProjectDependencies) = postProject
		{BA606A88-8B71-4AB7-A305-734D6FB57B0E} = {BA606A88-8B71-4AB7-A305-734D6FB57B0E}
		{143B3CFD-3A69-482C-AE0C-9704D267C3A2} = {143B3CFD-3A69-482C-AE0C-9704D267C3A2}
	EndProjectSection
EndProject
Project("{FAE04EC0-301F-11D3-BF4B-00C04F79EFBC}") = "xPFT.Charting", "xPFT.Charting\xPFT.Charting.csproj", "{A686547A-908D-4A09-9FA1-D73983EA744A}"
	ProjectSection(ProjectDependencies) = postProject
		{5FE5A20F-D0E3-4571-A6CF-89DDA3716043} = {5FE5A20F-D0E3-4571-A6CF-89DDA3716043}
		{0DA12B2E-1AB0-4445-A222-87D02F98AA0A} = {0DA12B2E-1AB0-4445-A222-87D02F98AA0A}
		{3FB3C948-45DA-4264-924B-6043D8ED27A7} = {3FB3C948-45DA-4264-924B-6043D8ED27A7}
		{BA606A88-8B71-4AB7-A305-734D6FB57B0E} = {BA606A88-8B71-4AB7-A305-734D6FB57B0E}
		{143B3CFD-3A69-482C-AE0C-9704D267C3A2} = {143B3CFD-3A69-482C-AE0C-9704D267C3A2}
	EndProjectSection
EndProject
Project("{FAE04EC0-301F-11D3-BF4B-00C04F79EFBC}") = "xPFT.DrawingBase", "xPFT.DrawingBase\xPFT.DrawingBase.csproj", "{0DA12B2E-1AB0-4445-A222-87D02F98AA0A}"
	ProjectSection(ProjectDependencies) = postProject
		{00A526EE-2A20-4FFE-882F-28551A36FD04} = {00A526EE-2A20-4FFE-882F-28551A36FD04}
	EndProjectSection
EndProject
Project("{FAE04EC0-301F-11D3-BF4B-00C04F79EFBC}") = "Tester", "Tester\Tester.csproj", "{9C5605F2-F61D-480A-8B6A-2BF7EC5F13B8}"
	ProjectSection(ProjectDependencies) = postProject
		{3FB3C948-45DA-4264-924B-6043D8ED27A7} = {3FB3C948-45DA-4264-924B-6043D8ED27A7}
		{BA606A88-8B71-4AB7-A305-734D6FB57B0E} = {BA606A88-8B71-4AB7-A305-734D6FB57B0E}
	EndProjectSection
EndProject
Project("{FAE04EC0-301F-11D3-BF4B-00C04F79EFBC}") = "xPFT.GraphicEngineGDI", "xPFT.GraphicEngineGDI\xPFT.GraphicEngineGDI.csproj", "{AC801FE1-D372-47B9-B8D7-85915675CDFD}"
EndProject
Project("{FAE04EC0-301F-11D3-BF4B-00C04F79EFBC}") = "WpfTester", "WpfTester\WpfTester.csproj", "{7A496923-56BB-4A0A-A643-22EEC1C35B0E}"
EndProject
Project("{FAE04EC0-301F-11D3-BF4B-00C04F79EFBC}") = "xPFT.ChildAnimation", "xPFT.ChildAnimation\xPFT.ChildAnimation.csproj", "{795B6D97-0150-4F1A-B423-BE70173C9802}"
EndProject
Project("{FAE04EC0-301F-11D3-BF4B-00C04F79EFBC}") = "ChildAnimationTest", "ChildAnimationTest\ChildAnimationTest.csproj", "{E2F27C6D-1CE6-41D5-B40C-1663E6EA003C}"
EndProject
Project("{FAE04EC0-301F-11D3-BF4B-00C04F79EFBC}") = "xPFT.GraphicEngineGDIP", "xPFT.GraphicEngineGDIP\xPFT.GraphicEngineGDIP.csproj", "{3FB3C948-45DA-4264-924B-6043D8ED27A7}"
EndProject
Global
	GlobalSection(SolutionConfigurationPlatforms) = preSolution
		Debug|Any CPU = Debug|Any CPU
		Debug|Mixed Platforms = Debug|Mixed Platforms
		Debug|x86 = Debug|x86
		Debug|xPFT86 = Debug|xPFT86
		Release|Any CPU = Release|Any CPU
		Release|Mixed Platforms = Release|Mixed Platforms
		Release|x86 = Release|x86
		Release|xPFT86 = Release|xPFT86
		xPFT86|Any CPU = xPFT86|Any CPU
		xPFT86|Mixed Platforms = xPFT86|Mixed Platforms
		xPFT86|x86 = xPFT86|x86
		xPFT86|xPFT86 = xPFT86|xPFT86
	EndGlobalSection
	GlobalSection(ProjectConfigurationPlatforms) = postSolution
		{00A526EE-2A20-4FFE-882F-28551A36FD04}.Debug|Any CPU.ActiveCfg = Debug|Any CPU
		{00A526EE-2A20-4FFE-882F-28551A36FD04}.Debug|Any CPU.Build.0 = Debug|Any CPU
		{00A526EE-2A20-4FFE-882F-28551A36FD04}.Debug|Mixed Platforms.ActiveCfg = Debug|x86
		{00A526EE-2A20-4FFE-882F-28551A36FD04}.Debug|Mixed Platforms.Build.0 = Debug|x86
		{00A526EE-2A20-4FFE-882F-28551A36FD04}.Debug|x86.ActiveCfg = Debug|x86
		{00A526EE-2A20-4FFE-882F-28551A36FD04}.Debug|x86.Build.0 = Debug|x86
		{00A526EE-2A20-4FFE-882F-28551A36FD04}.Debug|xPFT86.ActiveCfg = Debug|x86
		{00A526EE-2A20-4FFE-882F-28551A36FD04}.Debug|xPFT86.Build.0 = Debug|x86
		{00A526EE-2A20-4FFE-882F-28551A36FD04}.Release|Any CPU.ActiveCfg = Release|x86
		{00A526EE-2A20-4FFE-882F-28551A36FD04}.Release|Any CPU.Build.0 = Release|x86
		{00A526EE-2A20-4FFE-882F-28551A36FD04}.Release|Mixed Platforms.ActiveCfg = Release|x86
		{00A526EE-2A20-4FFE-882F-28551A36FD04}.Release|Mixed Platforms.Build.0 = Release|x86
		{00A526EE-2A20-4FFE-882F-28551A36FD04}.Release|x86.ActiveCfg = Release|x86
		{00A526EE-2A20-4FFE-882F-28551A36FD04}.Release|x86.Build.0 = Release|x86
		{00A526EE-2A20-4FFE-882F-28551A36FD04}.Release|xPFT86.ActiveCfg = Release|x86
		{00A526EE-2A20-4FFE-882F-28551A36FD04}.Release|xPFT86.Build.0 = Release|x86
		{00A526EE-2A20-4FFE-882F-28551A36FD04}.xPFT86|Any CPU.ActiveCfg = xPFT86|Any CPU
		{00A526EE-2A20-4FFE-882F-28551A36FD04}.xPFT86|Any CPU.Build.0 = xPFT86|Any CPU
		{00A526EE-2A20-4FFE-882F-28551A36FD04}.xPFT86|Mixed Platforms.ActiveCfg = xPFT86|x86
		{00A526EE-2A20-4FFE-882F-28551A36FD04}.xPFT86|Mixed Platforms.Build.0 = xPFT86|x86
		{00A526EE-2A20-4FFE-882F-28551A36FD04}.xPFT86|x86.ActiveCfg = xPFT86|x86
		{00A526EE-2A20-4FFE-882F-28551A36FD04}.xPFT86|x86.Build.0 = xPFT86|x86
		{00A526EE-2A20-4FFE-882F-28551A36FD04}.xPFT86|xPFT86.ActiveCfg = xPFT86|Any CPU
		{143B3CFD-3A69-482C-AE0C-9704D267C3A2}.Debug|Any CPU.ActiveCfg = Debug|Any CPU
		{143B3CFD-3A69-482C-AE0C-9704D267C3A2}.Debug|Any CPU.Build.0 = Debug|Any CPU
		{143B3CFD-3A69-482C-AE0C-9704D267C3A2}.Debug|Mixed Platforms.ActiveCfg = Debug|x86
		{143B3CFD-3A69-482C-AE0C-9704D267C3A2}.Debug|Mixed Platforms.Build.0 = Debug|x86
		{143B3CFD-3A69-482C-AE0C-9704D267C3A2}.Debug|x86.ActiveCfg = Debug|x86
		{143B3CFD-3A69-482C-AE0C-9704D267C3A2}.Debug|x86.Build.0 = Debug|x86
		{143B3CFD-3A69-482C-AE0C-9704D267C3A2}.Debug|xPFT86.ActiveCfg = Debug|x86
		{143B3CFD-3A69-482C-AE0C-9704D267C3A2}.Debug|xPFT86.Build.0 = Debug|x86
		{143B3CFD-3A69-482C-AE0C-9704D267C3A2}.Release|Any CPU.ActiveCfg = Release|x86
		{143B3CFD-3A69-482C-AE0C-9704D267C3A2}.Release|Any CPU.Build.0 = Release|x86
		{143B3CFD-3A69-482C-AE0C-9704D267C3A2}.Release|Mixed Platforms.ActiveCfg = Release|x86
		{143B3CFD-3A69-482C-AE0C-9704D267C3A2}.Release|Mixed Platforms.Build.0 = Release|x86
		{143B3CFD-3A69-482C-AE0C-9704D267C3A2}.Release|x86.ActiveCfg = Release|x86
		{143B3CFD-3A69-482C-AE0C-9704D267C3A2}.Release|x86.Build.0 = Release|x86
		{143B3CFD-3A69-482C-AE0C-9704D267C3A2}.Release|xPFT86.ActiveCfg = Release|x86
		{143B3CFD-3A69-482C-AE0C-9704D267C3A2}.Release|xPFT86.Build.0 = Release|x86
		{143B3CFD-3A69-482C-AE0C-9704D267C3A2}.xPFT86|Any CPU.ActiveCfg = xPFT86|Any CPU
		{143B3CFD-3A69-482C-AE0C-9704D267C3A2}.xPFT86|Any CPU.Build.0 = xPFT86|Any CPU
		{143B3CFD-3A69-482C-AE0C-9704D267C3A2}.xPFT86|Mixed Platforms.ActiveCfg = xPFT86|x86
		{143B3CFD-3A69-482C-AE0C-9704D267C3A2}.xPFT86|Mixed Platforms.Build.0 = xPFT86|x86
		{143B3CFD-3A69-482C-AE0C-9704D267C3A2}.xPFT86|x86.ActiveCfg = xPFT86|x86
		{143B3CFD-3A69-482C-AE0C-9704D267C3A2}.xPFT86|x86.Build.0 = xPFT86|x86
		{143B3CFD-3A69-482C-AE0C-9704D267C3A2}.xPFT86|xPFT86.ActiveCfg = xPFT86|Any CPU
		{BA606A88-8B71-4AB7-A305-734D6FB57B0E}.Debug|Any CPU.ActiveCfg = Debug|Any CPU
		{BA606A88-8B71-4AB7-A305-734D6FB57B0E}.Debug|Any CPU.Build.0 = Debug|Any CPU
		{BA606A88-8B71-4AB7-A305-734D6FB57B0E}.Debug|Mixed Platforms.ActiveCfg = Debug|x86
		{BA606A88-8B71-4AB7-A305-734D6FB57B0E}.Debug|Mixed Platforms.Build.0 = Debug|x86
		{BA606A88-8B71-4AB7-A305-734D6FB57B0E}.Debug|x86.ActiveCfg = Debug|x86
		{BA606A88-8B71-4AB7-A305-734D6FB57B0E}.Debug|x86.Build.0 = Debug|x86
		{BA606A88-8B71-4AB7-A305-734D6FB57B0E}.Debug|xPFT86.ActiveCfg = Debug|x86
		{BA606A88-8B71-4AB7-A305-734D6FB57B0E}.Debug|xPFT86.Build.0 = Debug|x86
		{BA606A88-8B71-4AB7-A305-734D6FB57B0E}.Release|Any CPU.ActiveCfg = Release|x86
		{BA606A88-8B71-4AB7-A305-734D6FB57B0E}.Release|Any CPU.Build.0 = Release|x86
		{BA606A88-8B71-4AB7-A305-734D6FB57B0E}.Release|Mixed Platforms.ActiveCfg = Release|x86
		{BA606A88-8B71-4AB7-A305-734D6FB57B0E}.Release|Mixed Platforms.Build.0 = Release|x86
		{BA606A88-8B71-4AB7-A305-734D6FB57B0E}.Release|x86.ActiveCfg = Release|x86
		{BA606A88-8B71-4AB7-A305-734D6FB57B0E}.Release|x86.Build.0 = Release|x86
		{BA606A88-8B71-4AB7-A305-734D6FB57B0E}.Release|xPFT86.ActiveCfg = Release|x86
		{BA606A88-8B71-4AB7-A305-734D6FB57B0E}.Release|xPFT86.Build.0 = Release|x86
		{BA606A88-8B71-4AB7-A305-734D6FB57B0E}.xPFT86|Any CPU.ActiveCfg = xPFT86|Any CPU
		{BA606A88-8B71-4AB7-A305-734D6FB57B0E}.xPFT86|Any CPU.Build.0 = xPFT86|Any CPU
		{BA606A88-8B71-4AB7-A305-734D6FB57B0E}.xPFT86|Mixed Platforms.ActiveCfg = xPFT86|x86
		{BA606A88-8B71-4AB7-A305-734D6FB57B0E}.xPFT86|Mixed Platforms.Build.0 = xPFT86|x86
		{BA606A88-8B71-4AB7-A305-734D6FB57B0E}.xPFT86|x86.ActiveCfg = xPFT86|x86
		{BA606A88-8B71-4AB7-A305-734D6FB57B0E}.xPFT86|x86.Build.0 = xPFT86|x86
		{BA606A88-8B71-4AB7-A305-734D6FB57B0E}.xPFT86|xPFT86.ActiveCfg = xPFT86|Any CPU
		{5FE5A20F-D0E3-4571-A6CF-89DDA3716043}.Debug|Any CPU.ActiveCfg = Debug|Any CPU
		{5FE5A20F-D0E3-4571-A6CF-89DDA3716043}.Debug|Any CPU.Build.0 = Debug|Any CPU
		{5FE5A20F-D0E3-4571-A6CF-89DDA3716043}.Debug|Mixed Platforms.ActiveCfg = Debug|x86
		{5FE5A20F-D0E3-4571-A6CF-89DDA3716043}.Debug|Mixed Platforms.Build.0 = Debug|x86
		{5FE5A20F-D0E3-4571-A6CF-89DDA3716043}.Debug|x86.ActiveCfg = Debug|x86
		{5FE5A20F-D0E3-4571-A6CF-89DDA3716043}.Debug|x86.Build.0 = Debug|x86
		{5FE5A20F-D0E3-4571-A6CF-89DDA3716043}.Debug|xPFT86.ActiveCfg = Debug|x86
		{5FE5A20F-D0E3-4571-A6CF-89DDA3716043}.Debug|xPFT86.Build.0 = Debug|x86
		{5FE5A20F-D0E3-4571-A6CF-89DDA3716043}.Release|Any CPU.ActiveCfg = Release|x86
		{5FE5A20F-D0E3-4571-A6CF-89DDA3716043}.Release|Any CPU.Build.0 = Release|x86
		{5FE5A20F-D0E3-4571-A6CF-89DDA3716043}.Release|Mixed Platforms.ActiveCfg = Release|x86
		{5FE5A20F-D0E3-4571-A6CF-89DDA3716043}.Release|Mixed Platforms.Build.0 = Release|x86
		{5FE5A20F-D0E3-4571-A6CF-89DDA3716043}.Release|x86.ActiveCfg = Release|x86
		{5FE5A20F-D0E3-4571-A6CF-89DDA3716043}.Release|x86.Build.0 = Release|x86
		{5FE5A20F-D0E3-4571-A6CF-89DDA3716043}.Release|xPFT86.ActiveCfg = Release|x86
		{5FE5A20F-D0E3-4571-A6CF-89DDA3716043}.Release|xPFT86.Build.0 = Release|x86
		{5FE5A20F-D0E3-4571-A6CF-89DDA3716043}.xPFT86|Any CPU.ActiveCfg = xPFT86|Any CPU
		{5FE5A20F-D0E3-4571-A6CF-89DDA3716043}.xPFT86|Any CPU.Build.0 = xPFT86|Any CPU
		{5FE5A20F-D0E3-4571-A6CF-89DDA3716043}.xPFT86|Mixed Platforms.ActiveCfg = xPFT86|x86
		{5FE5A20F-D0E3-4571-A6CF-89DDA3716043}.xPFT86|Mixed Platforms.Build.0 = xPFT86|x86
		{5FE5A20F-D0E3-4571-A6CF-89DDA3716043}.xPFT86|x86.ActiveCfg = xPFT86|x86
		{5FE5A20F-D0E3-4571-A6CF-89DDA3716043}.xPFT86|x86.Build.0 = xPFT86|x86
		{5FE5A20F-D0E3-4571-A6CF-89DDA3716043}.xPFT86|xPFT86.ActiveCfg = xPFT86|Any CPU
		{1EA74F50-F735-4541-8039-8F462E626A24}.Debug|Any CPU.ActiveCfg = Debug|Any CPU
		{1EA74F50-F735-4541-8039-8F462E626A24}.Debug|Any CPU.Build.0 = Debug|Any CPU
		{1EA74F50-F735-4541-8039-8F462E626A24}.Debug|Mixed Platforms.ActiveCfg = Debug|x86
		{1EA74F50-F735-4541-8039-8F462E626A24}.Debug|Mixed Platforms.Build.0 = Debug|x86
		{1EA74F50-F735-4541-8039-8F462E626A24}.Debug|x86.ActiveCfg = Debug|x86
		{1EA74F50-F735-4541-8039-8F462E626A24}.Debug|x86.Build.0 = Debug|x86
		{1EA74F50-F735-4541-8039-8F462E626A24}.Debug|xPFT86.ActiveCfg = Debug|x86
		{1EA74F50-F735-4541-8039-8F462E626A24}.Debug|xPFT86.Build.0 = Debug|x86
		{1EA74F50-F735-4541-8039-8F462E626A24}.Release|Any CPU.ActiveCfg = Release|x86
		{1EA74F50-F735-4541-8039-8F462E626A24}.Release|Any CPU.Build.0 = Release|x86
		{1EA74F50-F735-4541-8039-8F462E626A24}.Release|Mixed Platforms.ActiveCfg = Release|x86
		{1EA74F50-F735-4541-8039-8F462E626A24}.Release|Mixed Platforms.Build.0 = Release|x86
		{1EA74F50-F735-4541-8039-8F462E626A24}.Release|x86.ActiveCfg = Release|x86
		{1EA74F50-F735-4541-8039-8F462E626A24}.Release|x86.Build.0 = Release|x86
		{1EA74F50-F735-4541-8039-8F462E626A24}.Release|xPFT86.ActiveCfg = Release|x86
		{1EA74F50-F735-4541-8039-8F462E626A24}.Release|xPFT86.Build.0 = Release|x86
		{1EA74F50-F735-4541-8039-8F462E626A24}.xPFT86|Any CPU.ActiveCfg = xPFT86|Any CPU
		{1EA74F50-F735-4541-8039-8F462E626A24}.xPFT86|Any CPU.Build.0 = xPFT86|Any CPU
		{1EA74F50-F735-4541-8039-8F462E626A24}.xPFT86|Mixed Platforms.ActiveCfg = xPFT86|x86
		{1EA74F50-F735-4541-8039-8F462E626A24}.xPFT86|Mixed Platforms.Build.0 = xPFT86|x86
		{1EA74F50-F735-4541-8039-8F462E626A24}.xPFT86|x86.ActiveCfg = xPFT86|x86
		{1EA74F50-F735-4541-8039-8F462E626A24}.xPFT86|x86.Build.0 = xPFT86|x86
		{1EA74F50-F735-4541-8039-8F462E626A24}.xPFT86|xPFT86.ActiveCfg = xPFT86|Any CPU
		{A686547A-908D-4A09-9FA1-D73983EA744A}.Debug|Any CPU.ActiveCfg = Debug|Any CPU
		{A686547A-908D-4A09-9FA1-D73983EA744A}.Debug|Any CPU.Build.0 = Debug|Any CPU
		{A686547A-908D-4A09-9FA1-D73983EA744A}.Debug|Mixed Platforms.ActiveCfg = Debug|x86
		{A686547A-908D-4A09-9FA1-D73983EA744A}.Debug|Mixed Platforms.Build.0 = Debug|x86
		{A686547A-908D-4A09-9FA1-D73983EA744A}.Debug|x86.ActiveCfg = Debug|x86
		{A686547A-908D-4A09-9FA1-D73983EA744A}.Debug|x86.Build.0 = Debug|x86
		{A686547A-908D-4A09-9FA1-D73983EA744A}.Debug|xPFT86.ActiveCfg = Debug|x86
		{A686547A-908D-4A09-9FA1-D73983EA744A}.Debug|xPFT86.Build.0 = Debug|x86
		{A686547A-908D-4A09-9FA1-D73983EA744A}.Release|Any CPU.ActiveCfg = Release|x86
		{A686547A-908D-4A09-9FA1-D73983EA744A}.Release|Any CPU.Build.0 = Release|x86
		{A686547A-908D-4A09-9FA1-D73983EA744A}.Release|Mixed Platforms.ActiveCfg = Release|x86
		{A686547A-908D-4A09-9FA1-D73983EA744A}.Release|Mixed Platforms.Build.0 = Release|x86
		{A686547A-908D-4A09-9FA1-D73983EA744A}.Release|x86.ActiveCfg = Release|x86
		{A686547A-908D-4A09-9FA1-D73983EA744A}.Release|x86.Build.0 = Release|x86
		{A686547A-908D-4A09-9FA1-D73983EA744A}.Release|xPFT86.ActiveCfg = Release|x86
		{A686547A-908D-4A09-9FA1-D73983EA744A}.Release|xPFT86.Build.0 = Release|x86
		{A686547A-908D-4A09-9FA1-D73983EA744A}.xPFT86|Any CPU.ActiveCfg = xPFT86|Any CPU
		{A686547A-908D-4A09-9FA1-D73983EA744A}.xPFT86|Any CPU.Build.0 = xPFT86|Any CPU
		{A686547A-908D-4A09-9FA1-D73983EA744A}.xPFT86|Mixed Platforms.ActiveCfg = xPFT86|x86
		{A686547A-908D-4A09-9FA1-D73983EA744A}.xPFT86|Mixed Platforms.Build.0 = xPFT86|x86
		{A686547A-908D-4A09-9FA1-D73983EA744A}.xPFT86|x86.ActiveCfg = xPFT86|x86
		{A686547A-908D-4A09-9FA1-D73983EA744A}.xPFT86|x86.Build.0 = xPFT86|x86
		{A686547A-908D-4A09-9FA1-D73983EA744A}.xPFT86|xPFT86.ActiveCfg = xPFT86|Any CPU
		{0DA12B2E-1AB0-4445-A222-87D02F98AA0A}.Debug|Any CPU.ActiveCfg = Debug|Any CPU
		{0DA12B2E-1AB0-4445-A222-87D02F98AA0A}.Debug|Any CPU.Build.0 = Debug|Any CPU
		{0DA12B2E-1AB0-4445-A222-87D02F98AA0A}.Debug|Mixed Platforms.ActiveCfg = Debug|x86
		{0DA12B2E-1AB0-4445-A222-87D02F98AA0A}.Debug|Mixed Platforms.Build.0 = Debug|x86
		{0DA12B2E-1AB0-4445-A222-87D02F98AA0A}.Debug|x86.ActiveCfg = Debug|x86
		{0DA12B2E-1AB0-4445-A222-87D02F98AA0A}.Debug|x86.Build.0 = Debug|x86
		{0DA12B2E-1AB0-4445-A222-87D02F98AA0A}.Debug|xPFT86.ActiveCfg = Debug|x86
		{0DA12B2E-1AB0-4445-A222-87D02F98AA0A}.Debug|xPFT86.Build.0 = Debug|x86
		{0DA12B2E-1AB0-4445-A222-87D02F98AA0A}.Release|Any CPU.ActiveCfg = Release|Any CPU
		{0DA12B2E-1AB0-4445-A222-87D02F98AA0A}.Release|Any CPU.Build.0 = Release|Any CPU
		{0DA12B2E-1AB0-4445-A222-87D02F98AA0A}.Release|Mixed Platforms.ActiveCfg = Release|x86
		{0DA12B2E-1AB0-4445-A222-87D02F98AA0A}.Release|Mixed Platforms.Build.0 = Release|x86
		{0DA12B2E-1AB0-4445-A222-87D02F98AA0A}.Release|x86.ActiveCfg = Release|x86
		{0DA12B2E-1AB0-4445-A222-87D02F98AA0A}.Release|x86.Build.0 = Release|x86
		{0DA12B2E-1AB0-4445-A222-87D02F98AA0A}.Release|xPFT86.ActiveCfg = Release|x86
		{0DA12B2E-1AB0-4445-A222-87D02F98AA0A}.Release|xPFT86.Build.0 = Release|x86
		{0DA12B2E-1AB0-4445-A222-87D02F98AA0A}.xPFT86|Any CPU.ActiveCfg = Release|Any CPU
		{0DA12B2E-1AB0-4445-A222-87D02F98AA0A}.xPFT86|Any CPU.Build.0 = Release|Any CPU
		{0DA12B2E-1AB0-4445-A222-87D02F98AA0A}.xPFT86|Mixed Platforms.ActiveCfg = Release|x86
		{0DA12B2E-1AB0-4445-A222-87D02F98AA0A}.xPFT86|Mixed Platforms.Build.0 = Release|x86
		{0DA12B2E-1AB0-4445-A222-87D02F98AA0A}.xPFT86|x86.ActiveCfg = Release|x86
		{0DA12B2E-1AB0-4445-A222-87D02F98AA0A}.xPFT86|x86.Build.0 = Release|x86
		{0DA12B2E-1AB0-4445-A222-87D02F98AA0A}.xPFT86|xPFT86.ActiveCfg = Release|Any CPU
		{9C5605F2-F61D-480A-8B6A-2BF7EC5F13B8}.Debug|Any CPU.ActiveCfg = Debug|Any CPU
		{9C5605F2-F61D-480A-8B6A-2BF7EC5F13B8}.Debug|Any CPU.Build.0 = Debug|Any CPU
		{9C5605F2-F61D-480A-8B6A-2BF7EC5F13B8}.Debug|Mixed Platforms.ActiveCfg = Debug|x86
		{9C5605F2-F61D-480A-8B6A-2BF7EC5F13B8}.Debug|Mixed Platforms.Build.0 = Debug|x86
		{9C5605F2-F61D-480A-8B6A-2BF7EC5F13B8}.Debug|x86.ActiveCfg = Debug|x86
		{9C5605F2-F61D-480A-8B6A-2BF7EC5F13B8}.Debug|x86.Build.0 = Debug|x86
		{9C5605F2-F61D-480A-8B6A-2BF7EC5F13B8}.Debug|xPFT86.ActiveCfg = Debug|x86
		{9C5605F2-F61D-480A-8B6A-2BF7EC5F13B8}.Debug|xPFT86.Build.0 = Debug|x86
		{9C5605F2-F61D-480A-8B6A-2BF7EC5F13B8}.Release|Any CPU.ActiveCfg = Release|Any CPU
		{9C5605F2-F61D-480A-8B6A-2BF7EC5F13B8}.Release|Any CPU.Build.0 = Release|Any CPU
		{9C5605F2-F61D-480A-8B6A-2BF7EC5F13B8}.Release|Mixed Platforms.ActiveCfg = Release|x86
		{9C5605F2-F61D-480A-8B6A-2BF7EC5F13B8}.Release|Mixed Platforms.Build.0 = Release|x86
		{9C5605F2-F61D-480A-8B6A-2BF7EC5F13B8}.Release|x86.ActiveCfg = Release|x86
		{9C5605F2-F61D-480A-8B6A-2BF7EC5F13B8}.Release|x86.Build.0 = Release|x86
		{9C5605F2-F61D-480A-8B6A-2BF7EC5F13B8}.Release|xPFT86.ActiveCfg = Release|x86
		{9C5605F2-F61D-480A-8B6A-2BF7EC5F13B8}.Release|xPFT86.Build.0 = Release|x86
		{9C5605F2-F61D-480A-8B6A-2BF7EC5F13B8}.xPFT86|Any CPU.ActiveCfg = Release|Any CPU
		{9C5605F2-F61D-480A-8B6A-2BF7EC5F13B8}.xPFT86|Any CPU.Build.0 = Release|Any CPU
		{9C5605F2-F61D-480A-8B6A-2BF7EC5F13B8}.xPFT86|Mixed Platforms.ActiveCfg = Release|x86
		{9C5605F2-F61D-480A-8B6A-2BF7EC5F13B8}.xPFT86|Mixed Platforms.Build.0 = Release|x86
		{9C5605F2-F61D-480A-8B6A-2BF7EC5F13B8}.xPFT86|x86.ActiveCfg = Release|x86
		{9C5605F2-F61D-480A-8B6A-2BF7EC5F13B8}.xPFT86|x86.Build.0 = Release|x86
		{9C5605F2-F61D-480A-8B6A-2BF7EC5F13B8}.xPFT86|xPFT86.ActiveCfg = Release|Any CPU
		{AC801FE1-D372-47B9-B8D7-85915675CDFD}.Debug|Any CPU.ActiveCfg = Debug|Any CPU
		{AC801FE1-D372-47B9-B8D7-85915675CDFD}.Debug|Any CPU.Build.0 = Debug|Any CPU
		{AC801FE1-D372-47B9-B8D7-85915675CDFD}.Debug|Mixed Platforms.ActiveCfg = Debug|x86
		{AC801FE1-D372-47B9-B8D7-85915675CDFD}.Debug|Mixed Platforms.Build.0 = Debug|x86
		{AC801FE1-D372-47B9-B8D7-85915675CDFD}.Debug|x86.ActiveCfg = Debug|x86
		{AC801FE1-D372-47B9-B8D7-85915675CDFD}.Debug|x86.Build.0 = Debug|x86
		{AC801FE1-D372-47B9-B8D7-85915675CDFD}.Debug|xPFT86.ActiveCfg = Debug|x86
		{AC801FE1-D372-47B9-B8D7-85915675CDFD}.Debug|xPFT86.Build.0 = Debug|x86
		{AC801FE1-D372-47B9-B8D7-85915675CDFD}.Release|Any CPU.ActiveCfg = Release|Any CPU
		{AC801FE1-D372-47B9-B8D7-85915675CDFD}.Release|Any CPU.Build.0 = Release|Any CPU
		{AC801FE1-D372-47B9-B8D7-85915675CDFD}.Release|Mixed Platforms.ActiveCfg = Release|x86
		{AC801FE1-D372-47B9-B8D7-85915675CDFD}.Release|Mixed Platforms.Build.0 = Release|x86
		{AC801FE1-D372-47B9-B8D7-85915675CDFD}.Release|x86.ActiveCfg = Release|x86
		{AC801FE1-D372-47B9-B8D7-85915675CDFD}.Release|x86.Build.0 = Release|x86
		{AC801FE1-D372-47B9-B8D7-85915675CDFD}.Release|xPFT86.ActiveCfg = Release|x86
		{AC801FE1-D372-47B9-B8D7-85915675CDFD}.Release|xPFT86.Build.0 = Release|x86
		{AC801FE1-D372-47B9-B8D7-85915675CDFD}.xPFT86|Any CPU.ActiveCfg = Release|Any CPU
		{AC801FE1-D372-47B9-B8D7-85915675CDFD}.xPFT86|Any CPU.Build.0 = Release|Any CPU
		{AC801FE1-D372-47B9-B8D7-85915675CDFD}.xPFT86|Mixed Platforms.ActiveCfg = Release|x86
		{AC801FE1-D372-47B9-B8D7-85915675CDFD}.xPFT86|Mixed Platforms.Build.0 = Release|x86
		{AC801FE1-D372-47B9-B8D7-85915675CDFD}.xPFT86|x86.ActiveCfg = Release|x86
		{AC801FE1-D372-47B9-B8D7-85915675CDFD}.xPFT86|x86.Build.0 = Release|x86
		{AC801FE1-D372-47B9-B8D7-85915675CDFD}.xPFT86|xPFT86.ActiveCfg = Release|Any CPU
		{7A496923-56BB-4A0A-A643-22EEC1C35B0E}.Debug|Any CPU.ActiveCfg = Debug|Any CPU
		{7A496923-56BB-4A0A-A643-22EEC1C35B0E}.Debug|Any CPU.Build.0 = Debug|Any CPU
		{7A496923-56BB-4A0A-A643-22EEC1C35B0E}.Debug|Mixed Platforms.ActiveCfg = Debug|x86
		{7A496923-56BB-4A0A-A643-22EEC1C35B0E}.Debug|Mixed Platforms.Build.0 = Debug|x86
		{7A496923-56BB-4A0A-A643-22EEC1C35B0E}.Debug|x86.ActiveCfg = Debug|x86
		{7A496923-56BB-4A0A-A643-22EEC1C35B0E}.Debug|x86.Build.0 = Debug|x86
		{7A496923-56BB-4A0A-A643-22EEC1C35B0E}.Debug|xPFT86.ActiveCfg = Debug|x86
		{7A496923-56BB-4A0A-A643-22EEC1C35B0E}.Debug|xPFT86.Build.0 = Debug|x86
		{7A496923-56BB-4A0A-A643-22EEC1C35B0E}.Release|Any CPU.ActiveCfg = Release|Any CPU
		{7A496923-56BB-4A0A-A643-22EEC1C35B0E}.Release|Any CPU.Build.0 = Release|Any CPU
		{7A496923-56BB-4A0A-A643-22EEC1C35B0E}.Release|Mixed Platforms.ActiveCfg = Release|x86
		{7A496923-56BB-4A0A-A643-22EEC1C35B0E}.Release|Mixed Platforms.Build.0 = Release|x86
		{7A496923-56BB-4A0A-A643-22EEC1C35B0E}.Release|x86.ActiveCfg = Release|x86
		{7A496923-56BB-4A0A-A643-22EEC1C35B0E}.Release|x86.Build.0 = Release|x86
		{7A496923-56BB-4A0A-A643-22EEC1C35B0E}.Release|xPFT86.ActiveCfg = Release|x86
		{7A496923-56BB-4A0A-A643-22EEC1C35B0E}.Release|xPFT86.Build.0 = Release|x86
		{7A496923-56BB-4A0A-A643-22EEC1C35B0E}.xPFT86|Any CPU.ActiveCfg = Release|Any CPU
		{7A496923-56BB-4A0A-A643-22EEC1C35B0E}.xPFT86|Any CPU.Build.0 = Release|Any CPU
		{7A496923-56BB-4A0A-A643-22EEC1C35B0E}.xPFT86|Mixed Platforms.ActiveCfg = Release|x86
		{7A496923-56BB-4A0A-A643-22EEC1C35B0E}.xPFT86|Mixed Platforms.Build.0 = Release|x86
		{7A496923-56BB-4A0A-A643-22EEC1C35B0E}.xPFT86|x86.ActiveCfg = Release|x86
		{7A496923-56BB-4A0A-A643-22EEC1C35B0E}.xPFT86|x86.Build.0 = Release|x86
		{7A496923-56BB-4A0A-A643-22EEC1C35B0E}.xPFT86|xPFT86.ActiveCfg = Release|Any CPU
		{795B6D97-0150-4F1A-B423-BE70173C9802}.Debug|Any CPU.ActiveCfg = Debug|Any CPU
		{795B6D97-0150-4F1A-B423-BE70173C9802}.Debug|Any CPU.Build.0 = Debug|Any CPU
		{795B6D97-0150-4F1A-B423-BE70173C9802}.Debug|Mixed Platforms.ActiveCfg = Debug|x86
		{795B6D97-0150-4F1A-B423-BE70173C9802}.Debug|Mixed Platforms.Build.0 = Debug|x86
		{795B6D97-0150-4F1A-B423-BE70173C9802}.Debug|x86.ActiveCfg = Debug|x86
		{795B6D97-0150-4F1A-B423-BE70173C9802}.Debug|x86.Build.0 = Debug|x86
		{795B6D97-0150-4F1A-B423-BE70173C9802}.Debug|xPFT86.ActiveCfg = Debug|x86
		{795B6D97-0150-4F1A-B423-BE70173C9802}.Debug|xPFT86.Build.0 = Debug|x86
		{795B6D97-0150-4F1A-B423-BE70173C9802}.Release|Any CPU.ActiveCfg = Release|Any CPU
		{795B6D97-0150-4F1A-B423-BE70173C9802}.Release|Any CPU.Build.0 = Release|Any CPU
		{795B6D97-0150-4F1A-B423-BE70173C9802}.Release|Mixed Platforms.ActiveCfg = Release|x86
		{795B6D97-0150-4F1A-B423-BE70173C9802}.Release|Mixed Platforms.Build.0 = Release|x86
		{795B6D97-0150-4F1A-B423-BE70173C9802}.Release|x86.ActiveCfg = Release|x86
		{795B6D97-0150-4F1A-B423-BE70173C9802}.Release|x86.Build.0 = Release|x86
		{795B6D97-0150-4F1A-B423-BE70173C9802}.Release|xPFT86.ActiveCfg = Release|x86
		{795B6D97-0150-4F1A-B423-BE70173C9802}.Release|xPFT86.Build.0 = Release|x86
		{795B6D97-0150-4F1A-B423-BE70173C9802}.xPFT86|Any CPU.ActiveCfg = Release|Any CPU
		{795B6D97-0150-4F1A-B423-BE70173C9802}.xPFT86|Any CPU.Build.0 = Release|Any CPU
		{795B6D97-0150-4F1A-B423-BE70173C9802}.xPFT86|Mixed Platforms.ActiveCfg = Release|x86
		{795B6D97-0150-4F1A-B423-BE70173C9802}.xPFT86|Mixed Platforms.Build.0 = Release|x86
		{795B6D97-0150-4F1A-B423-BE70173C9802}.xPFT86|x86.ActiveCfg = Release|x86
		{795B6D97-0150-4F1A-B423-BE70173C9802}.xPFT86|x86.Build.0 = Release|x86
		{795B6D97-0150-4F1A-B423-BE70173C9802}.xPFT86|xPFT86.ActiveCfg = Release|Any CPU
		{E2F27C6D-1CE6-41D5-B40C-1663E6EA003C}.Debug|Any CPU.ActiveCfg = Debug|Any CPU
		{E2F27C6D-1CE6-41D5-B40C-1663E6EA003C}.Debug|Any CPU.Build.0 = Debug|Any CPU
		{E2F27C6D-1CE6-41D5-B40C-1663E6EA003C}.Debug|Mixed Platforms.ActiveCfg = Debug|x86
		{E2F27C6D-1CE6-41D5-B40C-1663E6EA003C}.Debug|Mixed Platforms.Build.0 = Debug|x86
		{E2F27C6D-1CE6-41D5-B40C-1663E6EA003C}.Debug|x86.ActiveCfg = Debug|x86
		{E2F27C6D-1CE6-41D5-B40C-1663E6EA003C}.Debug|x86.Build.0 = Debug|x86
		{E2F27C6D-1CE6-41D5-B40C-1663E6EA003C}.Debug|xPFT86.ActiveCfg = Debug|x86
		{E2F27C6D-1CE6-41D5-B40C-1663E6EA003C}.Debug|xPFT86.Build.0 = Debug|x86
		{E2F27C6D-1CE6-41D5-B40C-1663E6EA003C}.Release|Any CPU.ActiveCfg = Release|Any CPU
		{E2F27C6D-1CE6-41D5-B40C-1663E6EA003C}.Release|Any CPU.Build.0 = Release|Any CPU
		{E2F27C6D-1CE6-41D5-B40C-1663E6EA003C}.Release|Mixed Platforms.ActiveCfg = Release|x86
		{E2F27C6D-1CE6-41D5-B40C-1663E6EA003C}.Release|Mixed Platforms.Build.0 = Release|x86
		{E2F27C6D-1CE6-41D5-B40C-1663E6EA003C}.Release|x86.ActiveCfg = Release|x86
		{E2F27C6D-1CE6-41D5-B40C-1663E6EA003C}.Release|x86.Build.0 = Release|x86
		{E2F27C6D-1CE6-41D5-B40C-1663E6EA003C}.Release|xPFT86.ActiveCfg = Release|x86
		{E2F27C6D-1CE6-41D5-B40C-1663E6EA003C}.Release|xPFT86.Build.0 = Release|x86
		{E2F27C6D-1CE6-41D5-B40C-1663E6EA003C}.xPFT86|Any CPU.ActiveCfg = Release|Any CPU
		{E2F27C6D-1CE6-41D5-B40C-1663E6EA003C}.xPFT86|Any CPU.Build.0 = Release|Any CPU
		{E2F27C6D-1CE6-41D5-B40C-1663E6EA003C}.xPFT86|Mixed Platforms.ActiveCfg = Release|x86
		{E2F27C6D-1CE6-41D5-B40C-1663E6EA003C}.xPFT86|Mixed Platforms.Build.0 = Release|x86
		{E2F27C6D-1CE6-41D5-B40C-1663E6EA003C}.xPFT86|x86.ActiveCfg = Release|x86
		{E2F27C6D-1CE6-41D5-B40C-1663E6EA003C}.xPFT86|x86.Build.0 = Release|x86
		{E2F27C6D-1CE6-41D5-B40C-1663E6EA003C}.xPFT86|xPFT86.ActiveCfg = Release|Any CPU
		{3FB3C948-45DA-4264-924B-6043D8ED27A7}.Debug|Any CPU.ActiveCfg = Debug|Any CPU
		{3FB3C948-45DA-4264-924B-6043D8ED27A7}.Debug|Any CPU.Build.0 = Debug|Any CPU
		{3FB3C948-45DA-4264-924B-6043D8ED27A7}.Debug|Mixed Platforms.ActiveCfg = Debug|x86
		{3FB3C948-45DA-4264-924B-6043D8ED27A7}.Debug|Mixed Platforms.Build.0 = Debug|x86
		{3FB3C948-45DA-4264-924B-6043D8ED27A7}.Debug|x86.ActiveCfg = Debug|x86
		{3FB3C948-45DA-4264-924B-6043D8ED27A7}.Debug|x86.Build.0 = Debug|x86
		{3FB3C948-45DA-4264-924B-6043D8ED27A7}.Debug|xPFT86.ActiveCfg = Debug|Any CPU
		{3FB3C948-45DA-4264-924B-6043D8ED27A7}.Release|Any CPU.ActiveCfg = Release|Any CPU
		{3FB3C948-45DA-4264-924B-6043D8ED27A7}.Release|Any CPU.Build.0 = Release|Any CPU
		{3FB3C948-45DA-4264-924B-6043D8ED27A7}.Release|Mixed Platforms.ActiveCfg = Release|x86
		{3FB3C948-45DA-4264-924B-6043D8ED27A7}.Release|Mixed Platforms.Build.0 = Release|x86
		{3FB3C948-45DA-4264-924B-6043D8ED27A7}.Release|x86.ActiveCfg = Release|x86
		{3FB3C948-45DA-4264-924B-6043D8ED27A7}.Release|x86.Build.0 = Release|x86
		{3FB3C948-45DA-4264-924B-6043D8ED27A7}.Release|xPFT86.ActiveCfg = Release|Any CPU
		{3FB3C948-45DA-4264-924B-6043D8ED27A7}.xPFT86|Any CPU.ActiveCfg = xPFT86|Any CPU
		{3FB3C948-45DA-4264-924B-6043D8ED27A7}.xPFT86|Any CPU.Build.0 = xPFT86|Any CPU
		{3FB3C948-45DA-4264-924B-6043D8ED27A7}.xPFT86|Mixed Platforms.ActiveCfg = xPFT86|x86
		{3FB3C948-45DA-4264-924B-6043D8ED27A7}.xPFT86|Mixed Platforms.Build.0 = xPFT86|x86
		{3FB3C948-45DA-4264-924B-6043D8ED27A7}.xPFT86|x86.ActiveCfg = xPFT86|x86
		{3FB3C948-45DA-4264-924B-6043D8ED27A7}.xPFT86|x86.Build.0 = xPFT86|x86
		{3FB3C948-45DA-4264-924B-6043D8ED27A7}.xPFT86|xPFT86.ActiveCfg = xPFT86|Any CPU
	EndGlobalSection
	GlobalSection(SolutionProperties) = preSolution
		HideSolutionNode = FALSE
	EndGlobalSection
EndGlobal
